{
  "name": "frontend",
  "lockfileVersion": 3,
  "requires": true,
  "packages": {
    "": {
      "dependencies": {
        "sweetalert2": "^11.15.9"
      }
    },
    "node_modules/sweetalert2": {
      "version": "11.15.9",
      "resolved": "https://registry.npmjs.org/sweetalert2/-/sweetalert2-11.15.9.tgz",
      "integrity": "sha512-WjL1aLNtmbtPTeQRBCzIMMQ4hv2ePs705gwqkkMqwMso42bLv6mVTwNNCCzRy39OEOfbT/8N1KqEdaAxwmpGYg==",
      "license": "MIT",
      "funding": {
        "type": "individual",
        "url": "https://github.com/sponsors/limonte"
      }
    }
  }
}
